
Microsoft Visual Studio Solution File, Format Version 12.00
# Visual Studio Version 16
VisualStudioVersion = 16.0.30011.22
MinimumVisualStudioVersion = 10.0.40219.1
Project("{FAE04EC0-301F-11D3-BF4B-00C04F79EFBC}") = "The Memory Game", "The Memory Game\The Memory Game.csproj", "{B9ACFECB-6584-4601-85C3-AE9408277277}"
EndProject
Project("{2150E333-8FDC-42A3-9474-1A3956D46DE8}") = "Solution Items", "Solution Items", "{FE3AD971-FDD2-4514-A0C4-F3552143077F}"
	ProjectSection(SolutionItems) = preProject
		ex2 report.txt = ex2 report.txt
	EndProjectSection
EndProject
Global
	GlobalSection(SolutionConfigurationPlatforms) = preSolution
		Debug|Any CPU = Debug|Any CPU
		Release|Any CPU = Release|Any CPU
	EndGlobalSection
	GlobalSection(ProjectConfigurationPlatforms) = postSolution
		{B9ACFECB-6584-4601-85C3-AE9408277277}.Debug|Any CPU.ActiveCfg = Debug|Any CPU
		{B9ACFECB-6584-4601-85C3-AE9408277277}.Debug|Any CPU.Build.0 = Debug|Any CPU
		{B9ACFECB-6584-4601-85C3-AE9408277277}.Release|Any CPU.ActiveCfg = Release|Any CPU
		{B9ACFECB-6584-4601-85C3-AE9408277277}.Release|Any CPU.Build.0 = Release|Any CPU
	EndGlobalSection
	GlobalSection(SolutionProperties) = preSolution
		HideSolutionNode = FALSE
	EndGlobalSection
	GlobalSection(ExtensibilityGlobals) = postSolution
		SolutionGuid = {730292A7-0F83-4D16-B7F3-858AA75FE2CF}
	EndGlobalSection
EndGlobal
